// !$*UTF8*$!
{
	archiveVersion = 1;
	classes = {
	};
	objectVersion = 51;
	objects = {

/* Begin PBXBuildFile section */
		11C7286723007AD70078BB80 /* AuthWebViewController.swift in Sources */ = {isa = PBXBuildFile; fileRef = 11C7286623007AD70078BB80 /* AuthWebViewController.swift */; };
		11E338772303F2370089640E /* HiveHud.swift in Sources */ = {isa = PBXBuildFile; fileRef = 11E338762303F2370089640E /* HiveHud.swift */; };
		11E33884230446650089640E /* BaseNavigationController.swift in Sources */ = {isa = PBXBuildFile; fileRef = 11E33883230446650089640E /* BaseNavigationController.swift */; };
		11E338B72305300D0089640E /* HiveManager.swift in Sources */ = {isa = PBXBuildFile; fileRef = 11E338B52305300D0089640E /* HiveManager.swift */; };
		11E338BB2305302D0089640E /* HiveListCell.swift in Sources */ = {isa = PBXBuildFile; fileRef = 11E338B82305302D0089640E /* HiveListCell.swift */; };
		11E338BC2305302D0089640E /* HiveListViewController.swift in Sources */ = {isa = PBXBuildFile; fileRef = 11E338B92305302D0089640E /* HiveListViewController.swift */; };
		11E338BD2305302D0089640E /* HiveModel.swift in Sources */ = {isa = PBXBuildFile; fileRef = 11E338BA2305302D0089640E /* HiveModel.swift */; };
		11E338EC2305AF0A0089640E /* UIView+Draggable.swift in Sources */ = {isa = PBXBuildFile; fileRef = 11E338E52305AF0A0089640E /* UIView+Draggable.swift */; };
		11E338ED2305AF0A0089640E /* SuspendViewController.swift in Sources */ = {isa = PBXBuildFile; fileRef = 11E338E62305AF0A0089640E /* SuspendViewController.swift */; };
		11E338EE2305AF0A0089640E /* Suspend.swift in Sources */ = {isa = PBXBuildFile; fileRef = 11E338E72305AF0A0089640E /* Suspend.swift */; };
		11E338EF2305AF0A0089640E /* SuspendDelegate.swift in Sources */ = {isa = PBXBuildFile; fileRef = 11E338E82305AF0A0089640E /* SuspendDelegate.swift */; };
		11E338F9230676510089640E /* Counst.swift in Sources */ = {isa = PBXBuildFile; fileRef = 11E338F82306764E0089640E /* Counst.swift */; };
		11E338FB23067A150089640E /* SuspendWindow.swift in Sources */ = {isa = PBXBuildFile; fileRef = 11E338FA23067A150089640E /* SuspendWindow.swift */; };
		11E338FD23067A960089640E /* SuspendManager.swift in Sources */ = {isa = PBXBuildFile; fileRef = 11E338FC23067A960089640E /* SuspendManager.swift */; };
		11E338FF23067B220089640E /* SuspendItem.swift in Sources */ = {isa = PBXBuildFile; fileRef = 11E338FE23067B220089640E /* SuspendItem.swift */; };
		11ED67CE22FBD037004C17D0 /* AppDelegate.swift in Sources */ = {isa = PBXBuildFile; fileRef = 11ED67CD22FBD037004C17D0 /* AppDelegate.swift */; };
		11ED67D022FBD037004C17D0 /* HomeViewController.swift in Sources */ = {isa = PBXBuildFile; fileRef = 11ED67CF22FBD037004C17D0 /* HomeViewController.swift */; };
		11ED67D522FBD03C004C17D0 /* Assets.xcassets in Resources */ = {isa = PBXBuildFile; fileRef = 11ED67D422FBD03C004C17D0 /* Assets.xcassets */; };
		11ED67D822FBD03C004C17D0 /* LaunchScreen.storyboard in Resources */ = {isa = PBXBuildFile; fileRef = 11ED67D622FBD03C004C17D0 /* LaunchScreen.storyboard */; };
		11ED67E322FBE04C004C17D0 /* LeftViewController.swift in Sources */ = {isa = PBXBuildFile; fileRef = 11ED67E222FBE04C004C17D0 /* LeftViewController.swift */; };
		11ED67EC22FBF8FA004C17D0 /* NormalView.swift in Sources */ = {isa = PBXBuildFile; fileRef = 11ED67EB22FBF8FA004C17D0 /* NormalView.swift */; };
		11ED67EE22FC1100004C17D0 /* HeaderView.swift in Sources */ = {isa = PBXBuildFile; fileRef = 11ED67ED22FC10FF004C17D0 /* HeaderView.swift */; };
		11ED67F322FC223E004C17D0 /* SwitchView.swift in Sources */ = {isa = PBXBuildFile; fileRef = 11ED67F222FC223E004C17D0 /* SwitchView.swift */; };
		11ED67F522FC6F95004C17D0 /* DriveView.swift in Sources */ = {isa = PBXBuildFile; fileRef = 11ED67F422FC6F95004C17D0 /* DriveView.swift */; };
		11ED680A22FD29AE004C17D0 /* MBProgressHUD.m in Sources */ = {isa = PBXBuildFile; fileRef = 11ED680622FD29AE004C17D0 /* MBProgressHUD.m */; };
		11ED680B22FD29AE004C17D0 /* LICENSE in Resources */ = {isa = PBXBuildFile; fileRef = 11ED680722FD29AE004C17D0 /* LICENSE */; };
		11ED680C22FD29AE004C17D0 /* README.mdown in Resources */ = {isa = PBXBuildFile; fileRef = 11ED680922FD29AE004C17D0 /* README.mdown */; };
		11ED681122FD2AFA004C17D0 /* NetworkReachabilityManager.swift in Sources */ = {isa = PBXBuildFile; fileRef = 11ED681022FD2AFA004C17D0 /* NetworkReachabilityManager.swift */; };
		11ED682622FEF3A7004C17D0 /* FilePathView.swift in Sources */ = {isa = PBXBuildFile; fileRef = 11ED682522FEF3A7004C17D0 /* FilePathView.swift */; };
		11ED682822FF0DCB004C17D0 /* Hive.swift in Sources */ = {isa = PBXBuildFile; fileRef = 11ED682722FF0DCB004C17D0 /* Hive.swift */; };
		C2935B33579071ED79D17063 /* Pods_HyPort.framework in Frameworks */ = {isa = PBXBuildFile; fileRef = A1AE19FEB568B1388FA10C9B /* Pods_HyPort.framework */; };
/* End PBXBuildFile section */

/* Begin PBXCopyFilesBuildPhase section */
		11E33895230453620089640E /* Embed Frameworks */ = {
			isa = PBXCopyFilesBuildPhase;
			buildActionMask = 2147483647;
			dstPath = "";
			dstSubfolderSpec = 10;
			files = (
			);
			name = "Embed Frameworks";
			runOnlyForDeploymentPostprocessing = 0;
		};
/* End PBXCopyFilesBuildPhase section */

/* Begin PBXFileReference section */
		11C7286623007AD70078BB80 /* AuthWebViewController.swift */ = {isa = PBXFileReference; fileEncoding = 4; lastKnownFileType = sourcecode.swift; path = AuthWebViewController.swift; sourceTree = "<group>"; };
		11E338762303F2370089640E /* HiveHud.swift */ = {isa = PBXFileReference; lastKnownFileType = sourcecode.swift; path = HiveHud.swift; sourceTree = "<group>"; };
		11E33883230446650089640E /* BaseNavigationController.swift */ = {isa = PBXFileReference; lastKnownFileType = sourcecode.swift; path = BaseNavigationController.swift; sourceTree = "<group>"; };
		11E338B52305300D0089640E /* HiveManager.swift */ = {isa = PBXFileReference; fileEncoding = 4; lastKnownFileType = sourcecode.swift; name = HiveManager.swift; path = HyPort/Core/Manager/HiveManager.swift; sourceTree = SOURCE_ROOT; };
		11E338B82305302D0089640E /* HiveListCell.swift */ = {isa = PBXFileReference; fileEncoding = 4; lastKnownFileType = sourcecode.swift; name = HiveListCell.swift; path = HyPort/Core/HiveStore/HiveListCell.swift; sourceTree = SOURCE_ROOT; };
		11E338B92305302D0089640E /* HiveListViewController.swift */ = {isa = PBXFileReference; fileEncoding = 4; lastKnownFileType = sourcecode.swift; name = HiveListViewController.swift; path = HyPort/Core/HiveStore/HiveListViewController.swift; sourceTree = SOURCE_ROOT; };
		11E338BA2305302D0089640E /* HiveModel.swift */ = {isa = PBXFileReference; fileEncoding = 4; lastKnownFileType = sourcecode.swift; name = HiveModel.swift; path = HyPort/Core/HiveStore/HiveModel.swift; sourceTree = SOURCE_ROOT; };
		11E338E52305AF0A0089640E /* UIView+Draggable.swift */ = {isa = PBXFileReference; fileEncoding = 4; lastKnownFileType = sourcecode.swift; path = "UIView+Draggable.swift"; sourceTree = "<group>"; };
		11E338E62305AF0A0089640E /* SuspendViewController.swift */ = {isa = PBXFileReference; fileEncoding = 4; lastKnownFileType = sourcecode.swift; path = SuspendViewController.swift; sourceTree = "<group>"; };
		11E338E72305AF0A0089640E /* Suspend.swift */ = {isa = PBXFileReference; fileEncoding = 4; lastKnownFileType = sourcecode.swift; path = Suspend.swift; sourceTree = "<group>"; };
		11E338E82305AF0A0089640E /* SuspendDelegate.swift */ = {isa = PBXFileReference; fileEncoding = 4; lastKnownFileType = sourcecode.swift; path = SuspendDelegate.swift; sourceTree = "<group>"; };
		11E338F82306764E0089640E /* Counst.swift */ = {isa = PBXFileReference; fileEncoding = 4; lastKnownFileType = sourcecode.swift; path = Counst.swift; sourceTree = "<group>"; };
		11E338FA23067A150089640E /* SuspendWindow.swift */ = {isa = PBXFileReference; lastKnownFileType = sourcecode.swift; path = SuspendWindow.swift; sourceTree = "<group>"; };
		11E338FC23067A960089640E /* SuspendManager.swift */ = {isa = PBXFileReference; lastKnownFileType = sourcecode.swift; path = SuspendManager.swift; sourceTree = "<group>"; };
		11E338FE23067B220089640E /* SuspendItem.swift */ = {isa = PBXFileReference; lastKnownFileType = sourcecode.swift; path = SuspendItem.swift; sourceTree = "<group>"; };
		11ED67CA22FBD037004C17D0 /* HyPort.app */ = {isa = PBXFileReference; explicitFileType = wrapper.application; includeInIndex = 0; path = HyPort.app; sourceTree = BUILT_PRODUCTS_DIR; };
		11ED67CD22FBD037004C17D0 /* AppDelegate.swift */ = {isa = PBXFileReference; lastKnownFileType = sourcecode.swift; path = AppDelegate.swift; sourceTree = "<group>"; };
		11ED67CF22FBD037004C17D0 /* HomeViewController.swift */ = {isa = PBXFileReference; lastKnownFileType = sourcecode.swift; path = HomeViewController.swift; sourceTree = "<group>"; };
		11ED67D422FBD03C004C17D0 /* Assets.xcassets */ = {isa = PBXFileReference; lastKnownFileType = folder.assetcatalog; path = Assets.xcassets; sourceTree = "<group>"; };
		11ED67D722FBD03C004C17D0 /* Base */ = {isa = PBXFileReference; lastKnownFileType = file.storyboard; name = Base; path = Base.lproj/LaunchScreen.storyboard; sourceTree = "<group>"; };
		11ED67D922FBD03C004C17D0 /* Info.plist */ = {isa = PBXFileReference; lastKnownFileType = text.plist.xml; path = Info.plist; sourceTree = "<group>"; };
		11ED67E222FBE04C004C17D0 /* LeftViewController.swift */ = {isa = PBXFileReference; lastKnownFileType = sourcecode.swift; path = LeftViewController.swift; sourceTree = "<group>"; };
		11ED67EB22FBF8FA004C17D0 /* NormalView.swift */ = {isa = PBXFileReference; lastKnownFileType = sourcecode.swift; path = NormalView.swift; sourceTree = "<group>"; };
		11ED67ED22FC10FF004C17D0 /* HeaderView.swift */ = {isa = PBXFileReference; lastKnownFileType = sourcecode.swift; path = HeaderView.swift; sourceTree = "<group>"; };
		11ED67F222FC223E004C17D0 /* SwitchView.swift */ = {isa = PBXFileReference; lastKnownFileType = sourcecode.swift; path = SwitchView.swift; sourceTree = "<group>"; };
		11ED67F422FC6F95004C17D0 /* DriveView.swift */ = {isa = PBXFileReference; lastKnownFileType = sourcecode.swift; path = DriveView.swift; sourceTree = "<group>"; };
		11ED680222FD2685004C17D0 /* HyPort-Bridging-Header.h */ = {isa = PBXFileReference; fileEncoding = 4; lastKnownFileType = sourcecode.c.h; path = "HyPort-Bridging-Header.h"; sourceTree = "<group>"; };
		11ED680622FD29AE004C17D0 /* MBProgressHUD.m */ = {isa = PBXFileReference; fileEncoding = 4; lastKnownFileType = sourcecode.c.objc; path = MBProgressHUD.m; sourceTree = "<group>"; };
		11ED680722FD29AE004C17D0 /* LICENSE */ = {isa = PBXFileReference; fileEncoding = 4; lastKnownFileType = text; path = LICENSE; sourceTree = "<group>"; };
		11ED680822FD29AE004C17D0 /* MBProgressHUD.h */ = {isa = PBXFileReference; fileEncoding = 4; lastKnownFileType = sourcecode.c.h; path = MBProgressHUD.h; sourceTree = "<group>"; };
		11ED680922FD29AE004C17D0 /* README.mdown */ = {isa = PBXFileReference; fileEncoding = 4; lastKnownFileType = net.daringfireball.markdown; path = README.mdown; sourceTree = "<group>"; };
		11ED681022FD2AFA004C17D0 /* NetworkReachabilityManager.swift */ = {isa = PBXFileReference; fileEncoding = 4; lastKnownFileType = sourcecode.swift; path = NetworkReachabilityManager.swift; sourceTree = "<group>"; };
		11ED682522FEF3A7004C17D0 /* FilePathView.swift */ = {isa = PBXFileReference; lastKnownFileType = sourcecode.swift; path = FilePathView.swift; sourceTree = "<group>"; };
		11ED682722FF0DCB004C17D0 /* Hive.swift */ = {isa = PBXFileReference; lastKnownFileType = sourcecode.swift; path = Hive.swift; sourceTree = "<group>"; };
		213921B47BDD13CB7CE81FC9 /* Pods-HyPort.release.xcconfig */ = {isa = PBXFileReference; includeInIndex = 1; lastKnownFileType = text.xcconfig; name = "Pods-HyPort.release.xcconfig"; path = "Target Support Files/Pods-HyPort/Pods-HyPort.release.xcconfig"; sourceTree = "<group>"; };
		63D4649130B451795919145C /* Pods-HyPort.release.xcconfig */ = {isa = PBXFileReference; includeInIndex = 1; lastKnownFileType = text.xcconfig; name = "Pods-HyPort.release.xcconfig"; path = "Target Support Files/Pods-HyPort/Pods-HyPort.release.xcconfig"; sourceTree = "<group>"; };
		A1AE19FEB568B1388FA10C9B /* Pods_HyPort.framework */ = {isa = PBXFileReference; explicitFileType = wrapper.framework; includeInIndex = 0; path = Pods_HyPort.framework; sourceTree = BUILT_PRODUCTS_DIR; };
		E53348CCBE50821544BEE001 /* Pods-HyPort.debug.xcconfig */ = {isa = PBXFileReference; includeInIndex = 1; lastKnownFileType = text.xcconfig; name = "Pods-HyPort.debug.xcconfig"; path = "Target Support Files/Pods-HyPort/Pods-HyPort.debug.xcconfig"; sourceTree = "<group>"; };
		FE75DB7FA1854D9E57BB1B7C /* Pods-HyPort.debug.xcconfig */ = {isa = PBXFileReference; includeInIndex = 1; lastKnownFileType = text.xcconfig; name = "Pods-HyPort.debug.xcconfig"; path = "Target Support Files/Pods-HyPort/Pods-HyPort.debug.xcconfig"; sourceTree = "<group>"; };
/* End PBXFileReference section */

/* Begin PBXFrameworksBuildPhase section */
		11ED67C722FBD037004C17D0 /* Frameworks */ = {
			isa = PBXFrameworksBuildPhase;
			buildActionMask = 2147483647;
			files = (
				C2935B33579071ED79D17063 /* Pods_HyPort.framework in Frameworks */,
			);
			runOnlyForDeploymentPostprocessing = 0;
		};
/* End PBXFrameworksBuildPhase section */

/* Begin PBXGroup section */
		111E0C3F2302880F00167953 /* Hive */ = {
			isa = PBXGroup;
			children = (
				11E338B92305302D0089640E /* HiveListViewController.swift */,
				11E338B82305302D0089640E /* HiveListCell.swift */,
				11E338BA2305302D0089640E /* HiveModel.swift */,
			);
			name = Hive;
			path = HyPort/Hive;
			sourceTree = SOURCE_ROOT;
		};
		11C7286523007ACF0078BB80 /* AuthWebView */ = {
			isa = PBXGroup;
			children = (
				11C7286623007AD70078BB80 /* AuthWebViewController.swift */,
			);
			path = AuthWebView;
			sourceTree = "<group>";
		};
		11E33880230445570089640E /* Base */ = {
			isa = PBXGroup;
			children = (
				11E33883230446650089640E /* BaseNavigationController.swift */,
			);
			path = Base;
			sourceTree = "<group>";
		};
		11E338E02305AF0A0089640E /* Suspend */ = {
			isa = PBXGroup;
			children = (
				11E338FA23067A150089640E /* SuspendWindow.swift */,
				11E338FC23067A960089640E /* SuspendManager.swift */,
				11E338FE23067B220089640E /* SuspendItem.swift */,
				11E338E52305AF0A0089640E /* UIView+Draggable.swift */,
				11E338E62305AF0A0089640E /* SuspendViewController.swift */,
				11E338E72305AF0A0089640E /* Suspend.swift */,
				11E338E82305AF0A0089640E /* SuspendDelegate.swift */,
			);
			path = Suspend;
			sourceTree = "<group>";
		};
		11ED67C122FBD036004C17D0 = {
			isa = PBXGroup;
			children = (
				11ED67CC22FBD037004C17D0 /* HyPort */,
				11ED67CB22FBD037004C17D0 /* Products */,
				1CB1E565F6FF1F8B2394DC8B /* Pods */,
				F7B6BF5351F66C32B6456256 /* Frameworks */,
			);
			sourceTree = "<group>";
		};
		11ED67CB22FBD037004C17D0 /* Products */ = {
			isa = PBXGroup;
			children = (
				11ED67CA22FBD037004C17D0 /* HyPort.app */,
			);
			name = Products;
			sourceTree = "<group>";
		};
		11ED67CC22FBD037004C17D0 /* HyPort */ = {
			isa = PBXGroup;
			children = (
				11E338E02305AF0A0089640E /* Suspend */,
				11E33880230445570089640E /* Base */,
				11C7286523007ACF0078BB80 /* AuthWebView */,
				11ED67F722FD2482004C17D0 /* Vendors */,
				11ED67EA22FBF8DC004C17D0 /* CommonView */,
				11ED681A22FD60FF004C17D0 /* Core */,
				11ED67CD22FBD037004C17D0 /* AppDelegate.swift */,
				11ED680222FD2685004C17D0 /* HyPort-Bridging-Header.h */,
				11ED682722FF0DCB004C17D0 /* Hive.swift */,
				11ED67D422FBD03C004C17D0 /* Assets.xcassets */,
				11ED67D622FBD03C004C17D0 /* LaunchScreen.storyboard */,
				11ED67D922FBD03C004C17D0 /* Info.plist */,
			);
			path = HyPort;
			sourceTree = "<group>";
		};
		11ED67EA22FBF8DC004C17D0 /* CommonView */ = {
			isa = PBXGroup;
			children = (
				11E338F82306764E0089640E /* Counst.swift */,
				11ED67EB22FBF8FA004C17D0 /* NormalView.swift */,
				11ED67ED22FC10FF004C17D0 /* HeaderView.swift */,
				11ED67F222FC223E004C17D0 /* SwitchView.swift */,
				11ED67F422FC6F95004C17D0 /* DriveView.swift */,
				11ED682522FEF3A7004C17D0 /* FilePathView.swift */,
				11E338762303F2370089640E /* HiveHud.swift */,
			);
			path = CommonView;
			sourceTree = "<group>";
		};
		11ED67F722FD2482004C17D0 /* Vendors */ = {
			isa = PBXGroup;
			children = (
				11ED680F22FD2AFA004C17D0 /* NetworkReachability */,
				11ED680522FD29AE004C17D0 /* MBProgressHUD */,
			);
			path = Vendors;
			sourceTree = "<group>";
		};
		11ED680522FD29AE004C17D0 /* MBProgressHUD */ = {
			isa = PBXGroup;
			children = (
				11ED680622FD29AE004C17D0 /* MBProgressHUD.m */,
				11ED680722FD29AE004C17D0 /* LICENSE */,
				11ED680822FD29AE004C17D0 /* MBProgressHUD.h */,
				11ED680922FD29AE004C17D0 /* README.mdown */,
			);
			path = MBProgressHUD;
			sourceTree = "<group>";
		};
		11ED680F22FD2AFA004C17D0 /* NetworkReachability */ = {
			isa = PBXGroup;
			children = (
				11ED681022FD2AFA004C17D0 /* NetworkReachabilityManager.swift */,
			);
			path = NetworkReachability;
			sourceTree = "<group>";
		};
		11ED681822FD6097004C17D0 /* SideMune */ = {
			isa = PBXGroup;
			children = (
				11ED67E222FBE04C004C17D0 /* LeftViewController.swift */,
			);
			path = SideMune;
			sourceTree = "<group>";
		};
		11ED681A22FD60FF004C17D0 /* Core */ = {
			isa = PBXGroup;
			children = (
				11ED682C22FF22E8004C17D0 /* Manager */,
				11ED681B22FD613A004C17D0 /* Home */,
				11ED681822FD6097004C17D0 /* SideMune */,
				111E0C3F2302880F00167953 /* Hive */,
			);
			path = Core;
			sourceTree = "<group>";
		};
		11ED681B22FD613A004C17D0 /* Home */ = {
			isa = PBXGroup;
			children = (
				11ED67CF22FBD037004C17D0 /* HomeViewController.swift */,
			);
			path = Home;
			sourceTree = "<group>";
		};
		11ED682C22FF22E8004C17D0 /* Manager */ = {
			isa = PBXGroup;
			children = (
				11E338B52305300D0089640E /* HiveManager.swift */,
			);
			name = Manager;
			path = HyPort/Manager;
			sourceTree = SOURCE_ROOT;
		};
		1CB1E565F6FF1F8B2394DC8B /* Pods */ = {
			isa = PBXGroup;
			children = (
				FE75DB7FA1854D9E57BB1B7C /* Pods-HyPort.debug.xcconfig */,
				63D4649130B451795919145C /* Pods-HyPort.release.xcconfig */,
				E53348CCBE50821544BEE001 /* Pods-HyPort.debug.xcconfig */,
				213921B47BDD13CB7CE81FC9 /* Pods-HyPort.release.xcconfig */,
			);
			path = Pods;
			sourceTree = "<group>";
		};
		F7B6BF5351F66C32B6456256 /* Frameworks */ = {
			isa = PBXGroup;
			children = (
				A1AE19FEB568B1388FA10C9B /* Pods_HyPort.framework */,
			);
			name = Frameworks;
			sourceTree = "<group>";
		};
/* End PBXGroup section */

/* Begin PBXNativeTarget section */
		11ED67C922FBD037004C17D0 /* HyPort */ = {
			isa = PBXNativeTarget;
			buildConfigurationList = 11ED67DC22FBD03C004C17D0 /* Build configuration list for PBXNativeTarget "HyPort" */;
			buildPhases = (
				0726351B4170E846EBA29199 /* [CP] Check Pods Manifest.lock */,
				11ED67C622FBD037004C17D0 /* Sources */,
				11ED67C722FBD037004C17D0 /* Frameworks */,
				11ED67C822FBD037004C17D0 /* Resources */,
				3C1DFD00D0FDE69D58A4F844 /* [CP] Embed Pods Frameworks */,
				11E33895230453620089640E /* Embed Frameworks */,
			);
			buildRules = (
			);
			dependencies = (
			);
			name = HyPort;
			productName = HyPort;
			productReference = 11ED67CA22FBD037004C17D0 /* HyPort.app */;
			productType = "com.apple.product-type.application";
		};
/* End PBXNativeTarget section */

/* Begin PBXProject section */
		11ED67C222FBD036004C17D0 /* Project object */ = {
			isa = PBXProject;
			attributes = {
				LastSwiftUpdateCheck = 1020;
				LastUpgradeCheck = 1020;
				ORGANIZATIONNAME = elastos;
				TargetAttributes = {
					11ED67C922FBD037004C17D0 = {
						CreatedOnToolsVersion = 10.2.1;
					};
				};
			};
			buildConfigurationList = 11ED67C522FBD036004C17D0 /* Build configuration list for PBXProject "HyPort" */;
			compatibilityVersion = "Xcode 9.3";
			developmentRegion = en;
			hasScannedForEncodings = 0;
			knownRegions = (
				en,
				Base,
			);
			mainGroup = 11ED67C122FBD036004C17D0;
			productRefGroup = 11ED67CB22FBD037004C17D0 /* Products */;
			projectDirPath = "";
			projectRoot = "";
			targets = (
				11ED67C922FBD037004C17D0 /* HyPort */,
			);
		};
/* End PBXProject section */

/* Begin PBXResourcesBuildPhase section */
		11ED67C822FBD037004C17D0 /* Resources */ = {
			isa = PBXResourcesBuildPhase;
			buildActionMask = 2147483647;
			files = (
				11ED67D822FBD03C004C17D0 /* LaunchScreen.storyboard in Resources */,
				11ED67D522FBD03C004C17D0 /* Assets.xcassets in Resources */,
				11ED680C22FD29AE004C17D0 /* README.mdown in Resources */,
				11ED680B22FD29AE004C17D0 /* LICENSE in Resources */,
			);
			runOnlyForDeploymentPostprocessing = 0;
		};
/* End PBXResourcesBuildPhase section */

/* Begin PBXShellScriptBuildPhase section */
		0726351B4170E846EBA29199 /* [CP] Check Pods Manifest.lock */ = {
			isa = PBXShellScriptBuildPhase;
			buildActionMask = 2147483647;
			files = (
			);
			inputFileListPaths = (
			);
			inputPaths = (
				"${PODS_PODFILE_DIR_PATH}/Podfile.lock",
				"${PODS_ROOT}/Manifest.lock",
			);
			name = "[CP] Check Pods Manifest.lock";
			outputFileListPaths = (
			);
			outputPaths = (
				"$(DERIVED_FILE_DIR)/Pods-HyPort-checkManifestLockResult.txt",
			);
			runOnlyForDeploymentPostprocessing = 0;
			shellPath = /bin/sh;
			shellScript = "diff \"${PODS_PODFILE_DIR_PATH}/Podfile.lock\" \"${PODS_ROOT}/Manifest.lock\" > /dev/null\nif [ $? != 0 ] ; then\n    # print error to STDERR\n    echo \"error: The sandbox is not in sync with the Podfile.lock. Run 'pod install' or update your CocoaPods installation.\" >&2\n    exit 1\nfi\n# This output is used by Xcode 'outputs' to avoid re-running this script phase.\necho \"SUCCESS\" > \"${SCRIPT_OUTPUT_FILE_0}\"\n";
			showEnvVarsInLog = 0;
		};
		3C1DFD00D0FDE69D58A4F844 /* [CP] Embed Pods Frameworks */ = {
			isa = PBXShellScriptBuildPhase;
			buildActionMask = 2147483647;
			files = (
			);
			inputFileListPaths = (
				"${PODS_ROOT}/Target Support Files/Pods-HyPort/Pods-HyPort-frameworks-${CONFIGURATION}-input-files.xcfilelist",
			);
			name = "[CP] Embed Pods Frameworks";
			outputFileListPaths = (
				"${PODS_ROOT}/Target Support Files/Pods-HyPort/Pods-HyPort-frameworks-${CONFIGURATION}-output-files.xcfilelist",
			);
			runOnlyForDeploymentPostprocessing = 0;
			shellPath = /bin/sh;
			shellScript = "\"${PODS_ROOT}/Target Support Files/Pods-HyPort/Pods-HyPort-frameworks.sh\"\n";
			showEnvVarsInLog = 0;
		};
/* End PBXShellScriptBuildPhase section */

/* Begin PBXSourcesBuildPhase section */
		11ED67C622FBD037004C17D0 /* Sources */ = {
			isa = PBXSourcesBuildPhase;
			buildActionMask = 2147483647;
			files = (
				11E33884230446650089640E /* BaseNavigationController.swift in Sources */,
				11E338BC2305302D0089640E /* HiveListViewController.swift in Sources */,
				11ED67EC22FBF8FA004C17D0 /* NormalView.swift in Sources */,
				11C7286723007AD70078BB80 /* AuthWebViewController.swift in Sources */,
				11E338BD2305302D0089640E /* HiveModel.swift in Sources */,
				11E338772303F2370089640E /* HiveHud.swift in Sources */,
				11E338EF2305AF0A0089640E /* SuspendDelegate.swift in Sources */,
				11E338EC2305AF0A0089640E /* UIView+Draggable.swift in Sources */,
				11E338FF23067B220089640E /* SuspendItem.swift in Sources */,
				11E338FD23067A960089640E /* SuspendManager.swift in Sources */,
				11ED682622FEF3A7004C17D0 /* FilePathView.swift in Sources */,
				11ED67E322FBE04C004C17D0 /* LeftViewController.swift in Sources */,
				11E338B72305300D0089640E /* HiveManager.swift in Sources */,
				11E338BB2305302D0089640E /* HiveListCell.swift in Sources */,
				11ED67F522FC6F95004C17D0 /* DriveView.swift in Sources */,
				11ED67D022FBD037004C17D0 /* HomeViewController.swift in Sources */,
				11ED681122FD2AFA004C17D0 /* NetworkReachabilityManager.swift in Sources */,
				11ED680A22FD29AE004C17D0 /* MBProgressHUD.m in Sources */,
				11ED67CE22FBD037004C17D0 /* AppDelegate.swift in Sources */,
				11ED67EE22FC1100004C17D0 /* HeaderView.swift in Sources */,
				11E338F9230676510089640E /* Counst.swift in Sources */,
				11E338EE2305AF0A0089640E /* Suspend.swift in Sources */,
				11ED67F322FC223E004C17D0 /* SwitchView.swift in Sources */,
				11ED682822FF0DCB004C17D0 /* Hive.swift in Sources */,
				11E338FB23067A150089640E /* SuspendWindow.swift in Sources */,
				11E338ED2305AF0A0089640E /* SuspendViewController.swift in Sources */,
			);
			runOnlyForDeploymentPostprocessing = 0;
		};
/* End PBXSourcesBuildPhase section */

/* Begin PBXVariantGroup section */
		11ED67D622FBD03C004C17D0 /* LaunchScreen.storyboard */ = {
			isa = PBXVariantGroup;
			children = (
				11ED67D722FBD03C004C17D0 /* Base */,
			);
			name = LaunchScreen.storyboard;
			sourceTree = "<group>";
		};
/* End PBXVariantGroup section */

/* Begin XCBuildConfiguration section */
		11ED67DA22FBD03C004C17D0 /* Debug */ = {
			isa = XCBuildConfiguration;
			buildSettings = {
				ALWAYS_SEARCH_USER_PATHS = NO;
				CLANG_ANALYZER_NONNULL = YES;
				CLANG_ANALYZER_NUMBER_OBJECT_CONVERSION = YES_AGGRESSIVE;
				CLANG_CXX_LANGUAGE_STANDARD = "gnu++14";
				CLANG_CXX_LIBRARY = "libc++";
				CLANG_ENABLE_MODULES = YES;
				CLANG_ENABLE_OBJC_ARC = YES;
				CLANG_ENABLE_OBJC_WEAK = YES;
				CLANG_WARN_BLOCK_CAPTURE_AUTORELEASING = YES;
				CLANG_WARN_BOOL_CONVERSION = YES;
				CLANG_WARN_COMMA = YES;
				CLANG_WARN_CONSTANT_CONVERSION = YES;
				CLANG_WARN_DEPRECATED_OBJC_IMPLEMENTATIONS = YES;
				CLANG_WARN_DIRECT_OBJC_ISA_USAGE = YES_ERROR;
				CLANG_WARN_DOCUMENTATION_COMMENTS = YES;
				CLANG_WARN_EMPTY_BODY = YES;
				CLANG_WARN_ENUM_CONVERSION = YES;
				CLANG_WARN_INFINITE_RECURSION = YES;
				CLANG_WARN_INT_CONVERSION = YES;
				CLANG_WARN_NON_LITERAL_NULL_CONVERSION = YES;
				CLANG_WARN_OBJC_IMPLICIT_RETAIN_SELF = YES;
				CLANG_WARN_OBJC_LITERAL_CONVERSION = YES;
				CLANG_WARN_OBJC_ROOT_CLASS = YES_ERROR;
				CLANG_WARN_RANGE_LOOP_ANALYSIS = YES;
				CLANG_WARN_STRICT_PROTOTYPES = YES;
				CLANG_WARN_SUSPICIOUS_MOVE = YES;
				CLANG_WARN_UNGUARDED_AVAILABILITY = YES_AGGRESSIVE;
				CLANG_WARN_UNREACHABLE_CODE = YES;
				CLANG_WARN__DUPLICATE_METHOD_MATCH = YES;
				CODE_SIGN_IDENTITY = "iPhone Developer";
				COPY_PHASE_STRIP = NO;
				DEBUG_INFORMATION_FORMAT = dwarf;
				ENABLE_STRICT_OBJC_MSGSEND = YES;
				ENABLE_TESTABILITY = YES;
				GCC_C_LANGUAGE_STANDARD = gnu11;
				GCC_DYNAMIC_NO_PIC = NO;
				GCC_NO_COMMON_BLOCKS = YES;
				GCC_OPTIMIZATION_LEVEL = 0;
				GCC_PREPROCESSOR_DEFINITIONS = (
					"DEBUG=1",
					"$(inherited)",
				);
				GCC_WARN_64_TO_32_BIT_CONVERSION = YES;
				GCC_WARN_ABOUT_RETURN_TYPE = YES_ERROR;
				GCC_WARN_UNDECLARED_SELECTOR = YES;
				GCC_WARN_UNINITIALIZED_AUTOS = YES_AGGRESSIVE;
				GCC_WARN_UNUSED_FUNCTION = YES;
				GCC_WARN_UNUSED_VARIABLE = YES;
				IPHONEOS_DEPLOYMENT_TARGET = 10.0;
				MTL_ENABLE_DEBUG_INFO = INCLUDE_SOURCE;
				MTL_FAST_MATH = YES;
				ONLY_ACTIVE_ARCH = YES;
				SDKROOT = iphoneos;
				SWIFT_ACTIVE_COMPILATION_CONDITIONS = DEBUG;
				SWIFT_OPTIMIZATION_LEVEL = "-Onone";
			};
			name = Debug;
		};
		11ED67DB22FBD03C004C17D0 /* Release */ = {
			isa = XCBuildConfiguration;
			buildSettings = {
				ALWAYS_SEARCH_USER_PATHS = NO;
				CLANG_ANALYZER_NONNULL = YES;
				CLANG_ANALYZER_NUMBER_OBJECT_CONVERSION = YES_AGGRESSIVE;
				CLANG_CXX_LANGUAGE_STANDARD = "gnu++14";
				CLANG_CXX_LIBRARY = "libc++";
				CLANG_ENABLE_MODULES = YES;
				CLANG_ENABLE_OBJC_ARC = YES;
				CLANG_ENABLE_OBJC_WEAK = YES;
				CLANG_WARN_BLOCK_CAPTURE_AUTORELEASING = YES;
				CLANG_WARN_BOOL_CONVERSION = YES;
				CLANG_WARN_COMMA = YES;
				CLANG_WARN_CONSTANT_CONVERSION = YES;
				CLANG_WARN_DEPRECATED_OBJC_IMPLEMENTATIONS = YES;
				CLANG_WARN_DIRECT_OBJC_ISA_USAGE = YES_ERROR;
				CLANG_WARN_DOCUMENTATION_COMMENTS = YES;
				CLANG_WARN_EMPTY_BODY = YES;
				CLANG_WARN_ENUM_CONVERSION = YES;
				CLANG_WARN_INFINITE_RECURSION = YES;
				CLANG_WARN_INT_CONVERSION = YES;
				CLANG_WARN_NON_LITERAL_NULL_CONVERSION = YES;
				CLANG_WARN_OBJC_IMPLICIT_RETAIN_SELF = YES;
				CLANG_WARN_OBJC_LITERAL_CONVERSION = YES;
				CLANG_WARN_OBJC_ROOT_CLASS = YES_ERROR;
				CLANG_WARN_RANGE_LOOP_ANALYSIS = YES;
				CLANG_WARN_STRICT_PROTOTYPES = YES;
				CLANG_WARN_SUSPICIOUS_MOVE = YES;
				CLANG_WARN_UNGUARDED_AVAILABILITY = YES_AGGRESSIVE;
				CLANG_WARN_UNREACHABLE_CODE = YES;
				CLANG_WARN__DUPLICATE_METHOD_MATCH = YES;
				CODE_SIGN_IDENTITY = "iPhone Developer";
				COPY_PHASE_STRIP = NO;
				DEBUG_INFORMATION_FORMAT = "dwarf-with-dsym";
				ENABLE_NS_ASSERTIONS = NO;
				ENABLE_STRICT_OBJC_MSGSEND = YES;
				GCC_C_LANGUAGE_STANDARD = gnu11;
				GCC_NO_COMMON_BLOCKS = YES;
				GCC_WARN_64_TO_32_BIT_CONVERSION = YES;
				GCC_WARN_ABOUT_RETURN_TYPE = YES_ERROR;
				GCC_WARN_UNDECLARED_SELECTOR = YES;
				GCC_WARN_UNINITIALIZED_AUTOS = YES_AGGRESSIVE;
				GCC_WARN_UNUSED_FUNCTION = YES;
				GCC_WARN_UNUSED_VARIABLE = YES;
				IPHONEOS_DEPLOYMENT_TARGET = 10.0;
				MTL_ENABLE_DEBUG_INFO = NO;
				MTL_FAST_MATH = YES;
				SDKROOT = iphoneos;
				SWIFT_COMPILATION_MODE = wholemodule;
				SWIFT_OPTIMIZATION_LEVEL = "-O";
				VALIDATE_PRODUCT = YES;
			};
			name = Release;
		};
		11ED67DD22FBD03C004C17D0 /* Debug */ = {
			isa = XCBuildConfiguration;
			baseConfigurationReference = E53348CCBE50821544BEE001 /* Pods-HyPort.debug.xcconfig */;
			buildSettings = {
				ASSETCATALOG_COMPILER_APPICON_NAME = AppIcon;
				CODE_SIGN_STYLE = Automatic;
				DEBUG_INFORMATION_FORMAT = "dwarf-with-dsym";
				DEVELOPMENT_TEAM = T4LVNDN76A;
				FRAMEWORK_SEARCH_PATHS = (
					"$(inherited)",
					"$(PROJECT_DIR)",
					"$(PROJECT_DIR)/HyPort",
				);
				INFOPLIST_FILE = "$(SRCROOT)/HyPort/Info.plist";
				IPHONEOS_DEPLOYMENT_TARGET = 10.0;
				LD_RUNPATH_SEARCH_PATHS = (
					"$(inherited)",
					"@executable_path/Frameworks",
				);
				PRODUCT_BUNDLE_IDENTIFIER = elastos.HyPort;
				PRODUCT_NAME = "$(TARGET_NAME)";
				SWIFT_OBJC_BRIDGING_HEADER = "HyPort/HyPort-Bridging-Header.h";
				SWIFT_VERSION = 4.2;
				TARGETED_DEVICE_FAMILY = "1,2";
				USER_HEADER_SEARCH_PATHS = "";
				VALID_ARCHS = "x86_64 arm64";
			};
			name = Debug;
		};
		11ED67DE22FBD03C004C17D0 /* Release */ = {
			isa = XCBuildConfiguration;
			baseConfigurationReference = 213921B47BDD13CB7CE81FC9 /* Pods-HyPort.release.xcconfig */;
			buildSettings = {
				ASSETCATALOG_COMPILER_APPICON_NAME = AppIcon;
				CODE_SIGN_STYLE = Automatic;
				DEVELOPMENT_TEAM = T4LVNDN76A;
				FRAMEWORK_SEARCH_PATHS = (
					"$(inherited)",
					"$(PROJECT_DIR)",
					"$(PROJECT_DIR)/HyPort",
				);
				INFOPLIST_FILE = "$(SRCROOT)/HyPort/Info.plist";
				IPHONEOS_DEPLOYMENT_TARGET = 10.0;
				LD_RUNPATH_SEARCH_PATHS = (
					"$(inherited)",
					"@executable_path/Frameworks",
				);
				PRODUCT_BUNDLE_IDENTIFIER = elastos.HyPort;
				PRODUCT_NAME = "$(TARGET_NAME)";
				SWIFT_OBJC_BRIDGING_HEADER = "HyPort/HyPort-Bridging-Header.h";
				SWIFT_VERSION = 4.2;
				TARGETED_DEVICE_FAMILY = "1,2";
				USER_HEADER_SEARCH_PATHS = "";
				VALID_ARCHS = "x86_64 arm64";
			};
			name = Release;
		};
/* End XCBuildConfiguration section */

/* Begin XCConfigurationList section */
		11ED67C522FBD036004C17D0 /* Build configuration list for PBXProject "HyPort" */ = {
			isa = XCConfigurationList;
			buildConfigurations = (
				11ED67DA22FBD03C004C17D0 /* Debug */,
				11ED67DB22FBD03C004C17D0 /* Release */,
			);
			defaultConfigurationIsVisible = 0;
			defaultConfigurationName = Release;
		};
		11ED67DC22FBD03C004C17D0 /* Build configuration list for PBXNativeTarget "HyPort" */ = {
			isa = XCConfigurationList;
			buildConfigurations = (
				11ED67DD22FBD03C004C17D0 /* Debug */,
				11ED67DE22FBD03C004C17D0 /* Release */,
			);
			defaultConfigurationIsVisible = 0;
			defaultConfigurationName = Release;
		};
/* End XCConfigurationList section */
	};
	rootObject = 11ED67C222FBD036004C17D0 /* Project object */;
}
