// !$*UTF8*$!
{
	archiveVersion = 1;
	classes = {
	};
	objectVersion = 51;
	objects = {

/* Begin PBXBuildFile section */
		11C7286723007AD70078BB80 /* AuthWebViewController.swift in Sources */ = {isa = PBXBuildFile; fileRef = 11C7286623007AD70078BB80 /* AuthWebViewController.swift */; };
		11E338772303F2370089640E /* HiveHud.swift in Sources */ = {isa = PBXBuildFile; fileRef = 11E338762303F2370089640E /* HiveHud.swift */; };
		11E33884230446650089640E /* BaseNavigationController.swift in Sources */ = {isa = PBXBuildFile; fileRef = 11E33883230446650089640E /* BaseNavigationController.swift */; };
		11E338A823045CAF0089640E /* ElastosHiveSDK.framework in Frameworks */ = {isa = PBXBuildFile; fileRef = 11E338A623045CA60089640E /* ElastosHiveSDK.framework */; };
		11E338A923045CAF0089640E /* ElastosHiveSDK.framework in Embed Frameworks */ = {isa = PBXBuildFile; fileRef = 11E338A623045CA60089640E /* ElastosHiveSDK.framework */; settings = {ATTRIBUTES = (CodeSignOnCopy, RemoveHeadersOnCopy, ); }; };
		11ED67CE22FBD037004C17D0 /* AppDelegate.swift in Sources */ = {isa = PBXBuildFile; fileRef = 11ED67CD22FBD037004C17D0 /* AppDelegate.swift */; };
		11ED67D022FBD037004C17D0 /* HomeViewController.swift in Sources */ = {isa = PBXBuildFile; fileRef = 11ED67CF22FBD037004C17D0 /* HomeViewController.swift */; };
		11ED67D522FBD03C004C17D0 /* Assets.xcassets in Resources */ = {isa = PBXBuildFile; fileRef = 11ED67D422FBD03C004C17D0 /* Assets.xcassets */; };
		11ED67D822FBD03C004C17D0 /* LaunchScreen.storyboard in Resources */ = {isa = PBXBuildFile; fileRef = 11ED67D622FBD03C004C17D0 /* LaunchScreen.storyboard */; };
		11ED67E322FBE04C004C17D0 /* LeftViewController.swift in Sources */ = {isa = PBXBuildFile; fileRef = 11ED67E222FBE04C004C17D0 /* LeftViewController.swift */; };
		11ED67E522FBE4D2004C17D0 /* Drawer.swift in Sources */ = {isa = PBXBuildFile; fileRef = 11ED67E422FBE4D2004C17D0 /* Drawer.swift */; };
		11ED67E722FBE526004C17D0 /* Animator.swift in Sources */ = {isa = PBXBuildFile; fileRef = 11ED67E622FBE526004C17D0 /* Animator.swift */; };
		11ED67E922FBE554004C17D0 /* Counst.swift in Sources */ = {isa = PBXBuildFile; fileRef = 11ED67E822FBE554004C17D0 /* Counst.swift */; };
		11ED67EC22FBF8FA004C17D0 /* NormalView.swift in Sources */ = {isa = PBXBuildFile; fileRef = 11ED67EB22FBF8FA004C17D0 /* NormalView.swift */; };
		11ED67EE22FC1100004C17D0 /* HeaderView.swift in Sources */ = {isa = PBXBuildFile; fileRef = 11ED67ED22FC10FF004C17D0 /* HeaderView.swift */; };
		11ED67F322FC223E004C17D0 /* SwitchView.swift in Sources */ = {isa = PBXBuildFile; fileRef = 11ED67F222FC223E004C17D0 /* SwitchView.swift */; };
		11ED67F522FC6F95004C17D0 /* DriveView.swift in Sources */ = {isa = PBXBuildFile; fileRef = 11ED67F422FC6F95004C17D0 /* DriveView.swift */; };
		11ED67FC22FD2493004C17D0 /* ScanViewController.xib in Resources */ = {isa = PBXBuildFile; fileRef = 11ED67F922FD2493004C17D0 /* ScanViewController.xib */; };
		11ED67FD22FD2493004C17D0 /* ScanViewController.m in Sources */ = {isa = PBXBuildFile; fileRef = 11ED67FA22FD2493004C17D0 /* ScanViewController.m */; };
		11ED680422FD27A7004C17D0 /* MyCardViewController.swift in Sources */ = {isa = PBXBuildFile; fileRef = 11ED680322FD27A7004C17D0 /* MyCardViewController.swift */; };
		11ED680A22FD29AE004C17D0 /* MBProgressHUD.m in Sources */ = {isa = PBXBuildFile; fileRef = 11ED680622FD29AE004C17D0 /* MBProgressHUD.m */; };
		11ED680B22FD29AE004C17D0 /* LICENSE in Resources */ = {isa = PBXBuildFile; fileRef = 11ED680722FD29AE004C17D0 /* LICENSE */; };
		11ED680C22FD29AE004C17D0 /* README.mdown in Resources */ = {isa = PBXBuildFile; fileRef = 11ED680922FD29AE004C17D0 /* README.mdown */; };
		11ED680E22FD2AD9004C17D0 /* DeviceManager.swift in Sources */ = {isa = PBXBuildFile; fileRef = 11ED680D22FD2AD7004C17D0 /* DeviceManager.swift */; };
		11ED681122FD2AFA004C17D0 /* NetworkReachabilityManager.swift in Sources */ = {isa = PBXBuildFile; fileRef = 11ED681022FD2AFA004C17D0 /* NetworkReachabilityManager.swift */; };
		11ED681322FD3846004C17D0 /* HiveListViewController.swift in Sources */ = {isa = PBXBuildFile; fileRef = 11ED681222FD3846004C17D0 /* HiveListViewController.swift */; };
		11ED681522FD385B004C17D0 /* HiveListCell.swift in Sources */ = {isa = PBXBuildFile; fileRef = 11ED681422FD385B004C17D0 /* HiveListCell.swift */; };
		11ED681722FD5CED004C17D0 /* HiveModel.swift in Sources */ = {isa = PBXBuildFile; fileRef = 11ED681622FD5CED004C17D0 /* HiveModel.swift */; };
		11ED681D22FD658D004C17D0 /* FriendViewController.swift in Sources */ = {isa = PBXBuildFile; fileRef = 11ED681C22FD658D004C17D0 /* FriendViewController.swift */; };
		11ED681F22FD65D5004C17D0 /* FriendCell.swift in Sources */ = {isa = PBXBuildFile; fileRef = 11ED681E22FD65D5004C17D0 /* FriendCell.swift */; };
		11ED682622FEF3A7004C17D0 /* FilePathView.swift in Sources */ = {isa = PBXBuildFile; fileRef = 11ED682522FEF3A7004C17D0 /* FilePathView.swift */; };
		11ED682822FF0DCB004C17D0 /* Hive.swift in Sources */ = {isa = PBXBuildFile; fileRef = 11ED682722FF0DCB004C17D0 /* Hive.swift */; };
		11ED682E22FF2363004C17D0 /* HiveManager.swift in Sources */ = {isa = PBXBuildFile; fileRef = 11ED682D22FF2363004C17D0 /* HiveManager.swift */; };
		D5A7F9E1EB9E67308CA2BA92 /* Pods_HiveDemo.framework in Frameworks */ = {isa = PBXBuildFile; fileRef = 3BAE71C075442B564210F1AF /* Pods_HiveDemo.framework */; };
/* End PBXBuildFile section */

/* Begin PBXCopyFilesBuildPhase section */
		11E33895230453620089640E /* Embed Frameworks */ = {
			isa = PBXCopyFilesBuildPhase;
			buildActionMask = 2147483647;
			dstPath = "";
			dstSubfolderSpec = 10;
			files = (
				11E338A923045CAF0089640E /* ElastosHiveSDK.framework in Embed Frameworks */,
			);
			name = "Embed Frameworks";
			runOnlyForDeploymentPostprocessing = 0;
		};
/* End PBXCopyFilesBuildPhase section */

/* Begin PBXFileReference section */
		11C7286623007AD70078BB80 /* AuthWebViewController.swift */ = {isa = PBXFileReference; fileEncoding = 4; lastKnownFileType = sourcecode.swift; path = AuthWebViewController.swift; sourceTree = "<group>"; };
		11E338762303F2370089640E /* HiveHud.swift */ = {isa = PBXFileReference; lastKnownFileType = sourcecode.swift; path = HiveHud.swift; sourceTree = "<group>"; };
		11E33883230446650089640E /* BaseNavigationController.swift */ = {isa = PBXFileReference; lastKnownFileType = sourcecode.swift; path = BaseNavigationController.swift; sourceTree = "<group>"; };
		11E338A623045CA60089640E /* ElastosHiveSDK.framework */ = {isa = PBXFileReference; lastKnownFileType = wrapper.framework; path = ElastosHiveSDK.framework; sourceTree = "<group>"; };
		11ED67CA22FBD037004C17D0 /* HiveDemo.app */ = {isa = PBXFileReference; explicitFileType = wrapper.application; includeInIndex = 0; path = HiveDemo.app; sourceTree = BUILT_PRODUCTS_DIR; };
		11ED67CD22FBD037004C17D0 /* AppDelegate.swift */ = {isa = PBXFileReference; lastKnownFileType = sourcecode.swift; path = AppDelegate.swift; sourceTree = "<group>"; };
		11ED67CF22FBD037004C17D0 /* HomeViewController.swift */ = {isa = PBXFileReference; lastKnownFileType = sourcecode.swift; path = HomeViewController.swift; sourceTree = "<group>"; };
		11ED67D422FBD03C004C17D0 /* Assets.xcassets */ = {isa = PBXFileReference; lastKnownFileType = folder.assetcatalog; path = Assets.xcassets; sourceTree = "<group>"; };
		11ED67D722FBD03C004C17D0 /* Base */ = {isa = PBXFileReference; lastKnownFileType = file.storyboard; name = Base; path = Base.lproj/LaunchScreen.storyboard; sourceTree = "<group>"; };
		11ED67D922FBD03C004C17D0 /* Info.plist */ = {isa = PBXFileReference; lastKnownFileType = text.plist.xml; path = Info.plist; sourceTree = "<group>"; };
		11ED67E222FBE04C004C17D0 /* LeftViewController.swift */ = {isa = PBXFileReference; lastKnownFileType = sourcecode.swift; path = LeftViewController.swift; sourceTree = "<group>"; };
		11ED67E422FBE4D2004C17D0 /* Drawer.swift */ = {isa = PBXFileReference; lastKnownFileType = sourcecode.swift; path = Drawer.swift; sourceTree = "<group>"; };
		11ED67E622FBE526004C17D0 /* Animator.swift */ = {isa = PBXFileReference; lastKnownFileType = sourcecode.swift; path = Animator.swift; sourceTree = "<group>"; };
		11ED67E822FBE554004C17D0 /* Counst.swift */ = {isa = PBXFileReference; lastKnownFileType = sourcecode.swift; path = Counst.swift; sourceTree = "<group>"; };
		11ED67EB22FBF8FA004C17D0 /* NormalView.swift */ = {isa = PBXFileReference; lastKnownFileType = sourcecode.swift; path = NormalView.swift; sourceTree = "<group>"; };
		11ED67ED22FC10FF004C17D0 /* HeaderView.swift */ = {isa = PBXFileReference; lastKnownFileType = sourcecode.swift; path = HeaderView.swift; sourceTree = "<group>"; };
		11ED67F222FC223E004C17D0 /* SwitchView.swift */ = {isa = PBXFileReference; lastKnownFileType = sourcecode.swift; path = SwitchView.swift; sourceTree = "<group>"; };
		11ED67F422FC6F95004C17D0 /* DriveView.swift */ = {isa = PBXFileReference; lastKnownFileType = sourcecode.swift; path = DriveView.swift; sourceTree = "<group>"; };
		11ED67F922FD2493004C17D0 /* ScanViewController.xib */ = {isa = PBXFileReference; fileEncoding = 4; lastKnownFileType = file.xib; path = ScanViewController.xib; sourceTree = "<group>"; };
		11ED67FA22FD2493004C17D0 /* ScanViewController.m */ = {isa = PBXFileReference; fileEncoding = 4; lastKnownFileType = sourcecode.c.objc; path = ScanViewController.m; sourceTree = "<group>"; };
		11ED67FB22FD2493004C17D0 /* ScanViewController.h */ = {isa = PBXFileReference; fileEncoding = 4; lastKnownFileType = sourcecode.c.h; path = ScanViewController.h; sourceTree = "<group>"; };
		11ED680222FD2685004C17D0 /* HiveDemo-Bridging-Header.h */ = {isa = PBXFileReference; fileEncoding = 4; lastKnownFileType = sourcecode.c.h; path = "HiveDemo-Bridging-Header.h"; sourceTree = "<group>"; };
		11ED680322FD27A7004C17D0 /* MyCardViewController.swift */ = {isa = PBXFileReference; lastKnownFileType = sourcecode.swift; path = MyCardViewController.swift; sourceTree = "<group>"; };
		11ED680622FD29AE004C17D0 /* MBProgressHUD.m */ = {isa = PBXFileReference; fileEncoding = 4; lastKnownFileType = sourcecode.c.objc; path = MBProgressHUD.m; sourceTree = "<group>"; };
		11ED680722FD29AE004C17D0 /* LICENSE */ = {isa = PBXFileReference; fileEncoding = 4; lastKnownFileType = text; path = LICENSE; sourceTree = "<group>"; };
		11ED680822FD29AE004C17D0 /* MBProgressHUD.h */ = {isa = PBXFileReference; fileEncoding = 4; lastKnownFileType = sourcecode.c.h; path = MBProgressHUD.h; sourceTree = "<group>"; };
		11ED680922FD29AE004C17D0 /* README.mdown */ = {isa = PBXFileReference; fileEncoding = 4; lastKnownFileType = net.daringfireball.markdown; path = README.mdown; sourceTree = "<group>"; };
		11ED680D22FD2AD7004C17D0 /* DeviceManager.swift */ = {isa = PBXFileReference; fileEncoding = 4; lastKnownFileType = sourcecode.swift; path = DeviceManager.swift; sourceTree = "<group>"; };
		11ED681022FD2AFA004C17D0 /* NetworkReachabilityManager.swift */ = {isa = PBXFileReference; fileEncoding = 4; lastKnownFileType = sourcecode.swift; path = NetworkReachabilityManager.swift; sourceTree = "<group>"; };
		11ED681222FD3846004C17D0 /* HiveListViewController.swift */ = {isa = PBXFileReference; lastKnownFileType = sourcecode.swift; path = HiveListViewController.swift; sourceTree = "<group>"; };
		11ED681422FD385B004C17D0 /* HiveListCell.swift */ = {isa = PBXFileReference; lastKnownFileType = sourcecode.swift; path = HiveListCell.swift; sourceTree = "<group>"; };
		11ED681622FD5CED004C17D0 /* HiveModel.swift */ = {isa = PBXFileReference; lastKnownFileType = sourcecode.swift; path = HiveModel.swift; sourceTree = "<group>"; };
		11ED681C22FD658D004C17D0 /* FriendViewController.swift */ = {isa = PBXFileReference; lastKnownFileType = sourcecode.swift; path = FriendViewController.swift; sourceTree = "<group>"; };
		11ED681E22FD65D5004C17D0 /* FriendCell.swift */ = {isa = PBXFileReference; lastKnownFileType = sourcecode.swift; path = FriendCell.swift; sourceTree = "<group>"; };
		11ED682522FEF3A7004C17D0 /* FilePathView.swift */ = {isa = PBXFileReference; lastKnownFileType = sourcecode.swift; path = FilePathView.swift; sourceTree = "<group>"; };
		11ED682722FF0DCB004C17D0 /* Hive.swift */ = {isa = PBXFileReference; lastKnownFileType = sourcecode.swift; path = Hive.swift; sourceTree = "<group>"; };
		11ED682D22FF2363004C17D0 /* HiveManager.swift */ = {isa = PBXFileReference; lastKnownFileType = sourcecode.swift; path = HiveManager.swift; sourceTree = "<group>"; };
		3BAE71C075442B564210F1AF /* Pods_HiveDemo.framework */ = {isa = PBXFileReference; explicitFileType = wrapper.framework; includeInIndex = 0; path = Pods_HiveDemo.framework; sourceTree = BUILT_PRODUCTS_DIR; };
		63D4649130B451795919145C /* Pods-HiveDemo.release.xcconfig */ = {isa = PBXFileReference; includeInIndex = 1; lastKnownFileType = text.xcconfig; name = "Pods-HiveDemo.release.xcconfig"; path = "Target Support Files/Pods-HiveDemo/Pods-HiveDemo.release.xcconfig"; sourceTree = "<group>"; };
		FE75DB7FA1854D9E57BB1B7C /* Pods-HiveDemo.debug.xcconfig */ = {isa = PBXFileReference; includeInIndex = 1; lastKnownFileType = text.xcconfig; name = "Pods-HiveDemo.debug.xcconfig"; path = "Target Support Files/Pods-HiveDemo/Pods-HiveDemo.debug.xcconfig"; sourceTree = "<group>"; };
/* End PBXFileReference section */

/* Begin PBXFrameworksBuildPhase section */
		11ED67C722FBD037004C17D0 /* Frameworks */ = {
			isa = PBXFrameworksBuildPhase;
			buildActionMask = 2147483647;
			files = (
				D5A7F9E1EB9E67308CA2BA92 /* Pods_HiveDemo.framework in Frameworks */,
				11E338A823045CAF0089640E /* ElastosHiveSDK.framework in Frameworks */,
			);
			runOnlyForDeploymentPostprocessing = 0;
		};
/* End PBXFrameworksBuildPhase section */

/* Begin PBXGroup section */
		111E0C3F2302880F00167953 /* HiveStore */ = {
			isa = PBXGroup;
			children = (
				11ED681222FD3846004C17D0 /* HiveListViewController.swift */,
				11ED681422FD385B004C17D0 /* HiveListCell.swift */,
				11ED681622FD5CED004C17D0 /* HiveModel.swift */,
			);
			name = HiveStore;
			path = HiveDemo/HiveStore;
			sourceTree = SOURCE_ROOT;
		};
		11C7286523007ACF0078BB80 /* AuthWebView */ = {
			isa = PBXGroup;
			children = (
				11C7286623007AD70078BB80 /* AuthWebViewController.swift */,
			);
			path = AuthWebView;
			sourceTree = "<group>";
		};
		11E33880230445570089640E /* Base */ = {
			isa = PBXGroup;
			children = (
				11E33883230446650089640E /* BaseNavigationController.swift */,
			);
			path = Base;
			sourceTree = "<group>";
		};
		11ED67C122FBD036004C17D0 = {
			isa = PBXGroup;
			children = (
				11ED67CC22FBD037004C17D0 /* HiveDemo */,
				11ED67CB22FBD037004C17D0 /* Products */,
				1CB1E565F6FF1F8B2394DC8B /* Pods */,
				F7B6BF5351F66C32B6456256 /* Frameworks */,
			);
			sourceTree = "<group>";
		};
		11ED67CB22FBD037004C17D0 /* Products */ = {
			isa = PBXGroup;
			children = (
				11ED67CA22FBD037004C17D0 /* HiveDemo.app */,
			);
			name = Products;
			sourceTree = "<group>";
		};
		11ED67CC22FBD037004C17D0 /* HiveDemo */ = {
			isa = PBXGroup;
			children = (
				11E338A623045CA60089640E /* ElastosHiveSDK.framework */,
				11E33880230445570089640E /* Base */,
				11C7286523007ACF0078BB80 /* AuthWebView */,
				11ED67F722FD2482004C17D0 /* Vendors */,
				11ED67EA22FBF8DC004C17D0 /* CommonView */,
				11ED67DF22FBDA3B004C17D0 /* Drawer */,
				11ED681A22FD60FF004C17D0 /* Core */,
				11ED67CD22FBD037004C17D0 /* AppDelegate.swift */,
				11ED680222FD2685004C17D0 /* HiveDemo-Bridging-Header.h */,
				11ED682722FF0DCB004C17D0 /* Hive.swift */,
				11ED67D422FBD03C004C17D0 /* Assets.xcassets */,
				11ED67D622FBD03C004C17D0 /* LaunchScreen.storyboard */,
				11ED67D922FBD03C004C17D0 /* Info.plist */,
			);
			path = HiveDemo;
			sourceTree = "<group>";
		};
		11ED67DF22FBDA3B004C17D0 /* Drawer */ = {
			isa = PBXGroup;
			children = (
				11ED67E422FBE4D2004C17D0 /* Drawer.swift */,
				11ED67E622FBE526004C17D0 /* Animator.swift */,
				11ED67E822FBE554004C17D0 /* Counst.swift */,
			);
			path = Drawer;
			sourceTree = "<group>";
		};
		11ED67EA22FBF8DC004C17D0 /* CommonView */ = {
			isa = PBXGroup;
			children = (
				11ED67EB22FBF8FA004C17D0 /* NormalView.swift */,
				11ED67ED22FC10FF004C17D0 /* HeaderView.swift */,
				11ED67F222FC223E004C17D0 /* SwitchView.swift */,
				11ED67F422FC6F95004C17D0 /* DriveView.swift */,
				11ED682522FEF3A7004C17D0 /* FilePathView.swift */,
				11E338762303F2370089640E /* HiveHud.swift */,
			);
			path = CommonView;
			sourceTree = "<group>";
		};
		11ED67F722FD2482004C17D0 /* Vendors */ = {
			isa = PBXGroup;
			children = (
				11ED680F22FD2AFA004C17D0 /* NetworkReachability */,
				11ED680522FD29AE004C17D0 /* MBProgressHUD */,
				11ED67F822FD2493004C17D0 /* Scan */,
			);
			path = Vendors;
			sourceTree = "<group>";
		};
		11ED67F822FD2493004C17D0 /* Scan */ = {
			isa = PBXGroup;
			children = (
				11ED67F922FD2493004C17D0 /* ScanViewController.xib */,
				11ED67FA22FD2493004C17D0 /* ScanViewController.m */,
				11ED67FB22FD2493004C17D0 /* ScanViewController.h */,
			);
			path = Scan;
			sourceTree = "<group>";
		};
		11ED680522FD29AE004C17D0 /* MBProgressHUD */ = {
			isa = PBXGroup;
			children = (
				11ED680622FD29AE004C17D0 /* MBProgressHUD.m */,
				11ED680722FD29AE004C17D0 /* LICENSE */,
				11ED680822FD29AE004C17D0 /* MBProgressHUD.h */,
				11ED680922FD29AE004C17D0 /* README.mdown */,
			);
			path = MBProgressHUD;
			sourceTree = "<group>";
		};
		11ED680F22FD2AFA004C17D0 /* NetworkReachability */ = {
			isa = PBXGroup;
			children = (
				11ED681022FD2AFA004C17D0 /* NetworkReachabilityManager.swift */,
			);
			path = NetworkReachability;
			sourceTree = "<group>";
		};
		11ED681822FD6097004C17D0 /* Left */ = {
			isa = PBXGroup;
			children = (
				11ED67E222FBE04C004C17D0 /* LeftViewController.swift */,
				11ED680322FD27A7004C17D0 /* MyCardViewController.swift */,
			);
			path = Left;
			sourceTree = "<group>";
		};
		11ED681922FD60A9004C17D0 /* Friend */ = {
			isa = PBXGroup;
			children = (
				11ED681C22FD658D004C17D0 /* FriendViewController.swift */,
				11ED681E22FD65D5004C17D0 /* FriendCell.swift */,
			);
			path = Friend;
			sourceTree = "<group>";
		};
		11ED681A22FD60FF004C17D0 /* Core */ = {
			isa = PBXGroup;
			children = (
				11ED682C22FF22E8004C17D0 /* Manager */,
				11ED681B22FD613A004C17D0 /* Home */,
				11ED681822FD6097004C17D0 /* Left */,
				11ED681922FD60A9004C17D0 /* Friend */,
				111E0C3F2302880F00167953 /* HiveStore */,
			);
			path = Core;
			sourceTree = "<group>";
		};
		11ED681B22FD613A004C17D0 /* Home */ = {
			isa = PBXGroup;
			children = (
				11ED67CF22FBD037004C17D0 /* HomeViewController.swift */,
			);
			path = Home;
			sourceTree = "<group>";
		};
		11ED682C22FF22E8004C17D0 /* Manager */ = {
			isa = PBXGroup;
			children = (
				11ED680D22FD2AD7004C17D0 /* DeviceManager.swift */,
				11ED682D22FF2363004C17D0 /* HiveManager.swift */,
			);
			name = Manager;
			path = HiveDemo/Manager;
			sourceTree = SOURCE_ROOT;
		};
		1CB1E565F6FF1F8B2394DC8B /* Pods */ = {
			isa = PBXGroup;
			children = (
				FE75DB7FA1854D9E57BB1B7C /* Pods-HiveDemo.debug.xcconfig */,
				63D4649130B451795919145C /* Pods-HiveDemo.release.xcconfig */,
			);
			path = Pods;
			sourceTree = "<group>";
		};
		F7B6BF5351F66C32B6456256 /* Frameworks */ = {
			isa = PBXGroup;
			children = (
				3BAE71C075442B564210F1AF /* Pods_HiveDemo.framework */,
			);
			name = Frameworks;
			sourceTree = "<group>";
		};
/* End PBXGroup section */

/* Begin PBXNativeTarget section */
		11ED67C922FBD037004C17D0 /* HiveDemo */ = {
			isa = PBXNativeTarget;
			buildConfigurationList = 11ED67DC22FBD03C004C17D0 /* Build configuration list for PBXNativeTarget "HiveDemo" */;
			buildPhases = (
				0726351B4170E846EBA29199 /* [CP] Check Pods Manifest.lock */,
				11ED67C622FBD037004C17D0 /* Sources */,
				11ED67C722FBD037004C17D0 /* Frameworks */,
				11ED67C822FBD037004C17D0 /* Resources */,
				3C1DFD00D0FDE69D58A4F844 /* [CP] Embed Pods Frameworks */,
				11E33895230453620089640E /* Embed Frameworks */,
			);
			buildRules = (
			);
			dependencies = (
			);
			name = HiveDemo;
			productName = HiveDemo;
			productReference = 11ED67CA22FBD037004C17D0 /* HiveDemo.app */;
			productType = "com.apple.product-type.application";
		};
/* End PBXNativeTarget section */

/* Begin PBXProject section */
		11ED67C222FBD036004C17D0 /* Project object */ = {
			isa = PBXProject;
			attributes = {
				LastSwiftUpdateCheck = 1020;
				LastUpgradeCheck = 1020;
				ORGANIZATIONNAME = elastos;
				TargetAttributes = {
					11ED67C922FBD037004C17D0 = {
						CreatedOnToolsVersion = 10.2.1;
					};
				};
			};
			buildConfigurationList = 11ED67C522FBD036004C17D0 /* Build configuration list for PBXProject "HiveDemo" */;
			compatibilityVersion = "Xcode 9.3";
			developmentRegion = en;
			hasScannedForEncodings = 0;
			knownRegions = (
				en,
				Base,
			);
			mainGroup = 11ED67C122FBD036004C17D0;
			productRefGroup = 11ED67CB22FBD037004C17D0 /* Products */;
			projectDirPath = "";
			projectRoot = "";
			targets = (
				11ED67C922FBD037004C17D0 /* HiveDemo */,
			);
		};
/* End PBXProject section */

/* Begin PBXResourcesBuildPhase section */
		11ED67C822FBD037004C17D0 /* Resources */ = {
			isa = PBXResourcesBuildPhase;
			buildActionMask = 2147483647;
			files = (
				11ED67D822FBD03C004C17D0 /* LaunchScreen.storyboard in Resources */,
				11ED67D522FBD03C004C17D0 /* Assets.xcassets in Resources */,
				11ED680C22FD29AE004C17D0 /* README.mdown in Resources */,
				11ED67FC22FD2493004C17D0 /* ScanViewController.xib in Resources */,
				11ED680B22FD29AE004C17D0 /* LICENSE in Resources */,
			);
			runOnlyForDeploymentPostprocessing = 0;
		};
/* End PBXResourcesBuildPhase section */

/* Begin PBXShellScriptBuildPhase section */
		0726351B4170E846EBA29199 /* [CP] Check Pods Manifest.lock */ = {
			isa = PBXShellScriptBuildPhase;
			buildActionMask = 2147483647;
			files = (
			);
			inputFileListPaths = (
			);
			inputPaths = (
				"${PODS_PODFILE_DIR_PATH}/Podfile.lock",
				"${PODS_ROOT}/Manifest.lock",
			);
			name = "[CP] Check Pods Manifest.lock";
			outputFileListPaths = (
			);
			outputPaths = (
				"$(DERIVED_FILE_DIR)/Pods-HiveDemo-checkManifestLockResult.txt",
			);
			runOnlyForDeploymentPostprocessing = 0;
			shellPath = /bin/sh;
			shellScript = "diff \"${PODS_PODFILE_DIR_PATH}/Podfile.lock\" \"${PODS_ROOT}/Manifest.lock\" > /dev/null\nif [ $? != 0 ] ; then\n    # print error to STDERR\n    echo \"error: The sandbox is not in sync with the Podfile.lock. Run 'pod install' or update your CocoaPods installation.\" >&2\n    exit 1\nfi\n# This output is used by Xcode 'outputs' to avoid re-running this script phase.\necho \"SUCCESS\" > \"${SCRIPT_OUTPUT_FILE_0}\"\n";
			showEnvVarsInLog = 0;
		};
		3C1DFD00D0FDE69D58A4F844 /* [CP] Embed Pods Frameworks */ = {
			isa = PBXShellScriptBuildPhase;
			buildActionMask = 2147483647;
			files = (
			);
			inputFileListPaths = (
				"${PODS_ROOT}/Target Support Files/Pods-HiveDemo/Pods-HiveDemo-frameworks-${CONFIGURATION}-input-files.xcfilelist",
			);
			name = "[CP] Embed Pods Frameworks";
			outputFileListPaths = (
				"${PODS_ROOT}/Target Support Files/Pods-HiveDemo/Pods-HiveDemo-frameworks-${CONFIGURATION}-output-files.xcfilelist",
			);
			runOnlyForDeploymentPostprocessing = 0;
			shellPath = /bin/sh;
			shellScript = "\"${PODS_ROOT}/Target Support Files/Pods-HiveDemo/Pods-HiveDemo-frameworks.sh\"\n";
			showEnvVarsInLog = 0;
		};
/* End PBXShellScriptBuildPhase section */

/* Begin PBXSourcesBuildPhase section */
		11ED67C622FBD037004C17D0 /* Sources */ = {
			isa = PBXSourcesBuildPhase;
			buildActionMask = 2147483647;
			files = (
				11E33884230446650089640E /* BaseNavigationController.swift in Sources */,
				11ED682E22FF2363004C17D0 /* HiveManager.swift in Sources */,
				11ED67E722FBE526004C17D0 /* Animator.swift in Sources */,
				11ED681722FD5CED004C17D0 /* HiveModel.swift in Sources */,
				11ED681D22FD658D004C17D0 /* FriendViewController.swift in Sources */,
				11ED67EC22FBF8FA004C17D0 /* NormalView.swift in Sources */,
				11C7286723007AD70078BB80 /* AuthWebViewController.swift in Sources */,
				11ED67E522FBE4D2004C17D0 /* Drawer.swift in Sources */,
				11E338772303F2370089640E /* HiveHud.swift in Sources */,
				11ED682622FEF3A7004C17D0 /* FilePathView.swift in Sources */,
				11ED67E922FBE554004C17D0 /* Counst.swift in Sources */,
				11ED680422FD27A7004C17D0 /* MyCardViewController.swift in Sources */,
				11ED67E322FBE04C004C17D0 /* LeftViewController.swift in Sources */,
				11ED67FD22FD2493004C17D0 /* ScanViewController.m in Sources */,
				11ED680E22FD2AD9004C17D0 /* DeviceManager.swift in Sources */,
				11ED67F522FC6F95004C17D0 /* DriveView.swift in Sources */,
				11ED67D022FBD037004C17D0 /* HomeViewController.swift in Sources */,
				11ED681122FD2AFA004C17D0 /* NetworkReachabilityManager.swift in Sources */,
				11ED680A22FD29AE004C17D0 /* MBProgressHUD.m in Sources */,
				11ED67CE22FBD037004C17D0 /* AppDelegate.swift in Sources */,
				11ED67EE22FC1100004C17D0 /* HeaderView.swift in Sources */,
				11ED681522FD385B004C17D0 /* HiveListCell.swift in Sources */,
				11ED681322FD3846004C17D0 /* HiveListViewController.swift in Sources */,
				11ED67F322FC223E004C17D0 /* SwitchView.swift in Sources */,
				11ED681F22FD65D5004C17D0 /* FriendCell.swift in Sources */,
				11ED682822FF0DCB004C17D0 /* Hive.swift in Sources */,
			);
			runOnlyForDeploymentPostprocessing = 0;
		};
/* End PBXSourcesBuildPhase section */

/* Begin PBXVariantGroup section */
		11ED67D622FBD03C004C17D0 /* LaunchScreen.storyboard */ = {
			isa = PBXVariantGroup;
			children = (
				11ED67D722FBD03C004C17D0 /* Base */,
			);
			name = LaunchScreen.storyboard;
			sourceTree = "<group>";
		};
/* End PBXVariantGroup section */

/* Begin XCBuildConfiguration section */
		11ED67DA22FBD03C004C17D0 /* Debug */ = {
			isa = XCBuildConfiguration;
			buildSettings = {
				ALWAYS_SEARCH_USER_PATHS = NO;
				CLANG_ANALYZER_NONNULL = YES;
				CLANG_ANALYZER_NUMBER_OBJECT_CONVERSION = YES_AGGRESSIVE;
				CLANG_CXX_LANGUAGE_STANDARD = "gnu++14";
				CLANG_CXX_LIBRARY = "libc++";
				CLANG_ENABLE_MODULES = YES;
				CLANG_ENABLE_OBJC_ARC = YES;
				CLANG_ENABLE_OBJC_WEAK = YES;
				CLANG_WARN_BLOCK_CAPTURE_AUTORELEASING = YES;
				CLANG_WARN_BOOL_CONVERSION = YES;
				CLANG_WARN_COMMA = YES;
				CLANG_WARN_CONSTANT_CONVERSION = YES;
				CLANG_WARN_DEPRECATED_OBJC_IMPLEMENTATIONS = YES;
				CLANG_WARN_DIRECT_OBJC_ISA_USAGE = YES_ERROR;
				CLANG_WARN_DOCUMENTATION_COMMENTS = YES;
				CLANG_WARN_EMPTY_BODY = YES;
				CLANG_WARN_ENUM_CONVERSION = YES;
				CLANG_WARN_INFINITE_RECURSION = YES;
				CLANG_WARN_INT_CONVERSION = YES;
				CLANG_WARN_NON_LITERAL_NULL_CONVERSION = YES;
				CLANG_WARN_OBJC_IMPLICIT_RETAIN_SELF = YES;
				CLANG_WARN_OBJC_LITERAL_CONVERSION = YES;
				CLANG_WARN_OBJC_ROOT_CLASS = YES_ERROR;
				CLANG_WARN_RANGE_LOOP_ANALYSIS = YES;
				CLANG_WARN_STRICT_PROTOTYPES = YES;
				CLANG_WARN_SUSPICIOUS_MOVE = YES;
				CLANG_WARN_UNGUARDED_AVAILABILITY = YES_AGGRESSIVE;
				CLANG_WARN_UNREACHABLE_CODE = YES;
				CLANG_WARN__DUPLICATE_METHOD_MATCH = YES;
				CODE_SIGN_IDENTITY = "iPhone Developer";
				COPY_PHASE_STRIP = NO;
				DEBUG_INFORMATION_FORMAT = dwarf;
				ENABLE_STRICT_OBJC_MSGSEND = YES;
				ENABLE_TESTABILITY = YES;
				GCC_C_LANGUAGE_STANDARD = gnu11;
				GCC_DYNAMIC_NO_PIC = NO;
				GCC_NO_COMMON_BLOCKS = YES;
				GCC_OPTIMIZATION_LEVEL = 0;
				GCC_PREPROCESSOR_DEFINITIONS = (
					"DEBUG=1",
					"$(inherited)",
				);
				GCC_WARN_64_TO_32_BIT_CONVERSION = YES;
				GCC_WARN_ABOUT_RETURN_TYPE = YES_ERROR;
				GCC_WARN_UNDECLARED_SELECTOR = YES;
				GCC_WARN_UNINITIALIZED_AUTOS = YES_AGGRESSIVE;
				GCC_WARN_UNUSED_FUNCTION = YES;
				GCC_WARN_UNUSED_VARIABLE = YES;
				IPHONEOS_DEPLOYMENT_TARGET = 12.2;
				MTL_ENABLE_DEBUG_INFO = INCLUDE_SOURCE;
				MTL_FAST_MATH = YES;
				ONLY_ACTIVE_ARCH = YES;
				SDKROOT = iphoneos;
				SWIFT_ACTIVE_COMPILATION_CONDITIONS = DEBUG;
				SWIFT_OPTIMIZATION_LEVEL = "-Onone";
			};
			name = Debug;
		};
		11ED67DB22FBD03C004C17D0 /* Release */ = {
			isa = XCBuildConfiguration;
			buildSettings = {
				ALWAYS_SEARCH_USER_PATHS = NO;
				CLANG_ANALYZER_NONNULL = YES;
				CLANG_ANALYZER_NUMBER_OBJECT_CONVERSION = YES_AGGRESSIVE;
				CLANG_CXX_LANGUAGE_STANDARD = "gnu++14";
				CLANG_CXX_LIBRARY = "libc++";
				CLANG_ENABLE_MODULES = YES;
				CLANG_ENABLE_OBJC_ARC = YES;
				CLANG_ENABLE_OBJC_WEAK = YES;
				CLANG_WARN_BLOCK_CAPTURE_AUTORELEASING = YES;
				CLANG_WARN_BOOL_CONVERSION = YES;
				CLANG_WARN_COMMA = YES;
				CLANG_WARN_CONSTANT_CONVERSION = YES;
				CLANG_WARN_DEPRECATED_OBJC_IMPLEMENTATIONS = YES;
				CLANG_WARN_DIRECT_OBJC_ISA_USAGE = YES_ERROR;
				CLANG_WARN_DOCUMENTATION_COMMENTS = YES;
				CLANG_WARN_EMPTY_BODY = YES;
				CLANG_WARN_ENUM_CONVERSION = YES;
				CLANG_WARN_INFINITE_RECURSION = YES;
				CLANG_WARN_INT_CONVERSION = YES;
				CLANG_WARN_NON_LITERAL_NULL_CONVERSION = YES;
				CLANG_WARN_OBJC_IMPLICIT_RETAIN_SELF = YES;
				CLANG_WARN_OBJC_LITERAL_CONVERSION = YES;
				CLANG_WARN_OBJC_ROOT_CLASS = YES_ERROR;
				CLANG_WARN_RANGE_LOOP_ANALYSIS = YES;
				CLANG_WARN_STRICT_PROTOTYPES = YES;
				CLANG_WARN_SUSPICIOUS_MOVE = YES;
				CLANG_WARN_UNGUARDED_AVAILABILITY = YES_AGGRESSIVE;
				CLANG_WARN_UNREACHABLE_CODE = YES;
				CLANG_WARN__DUPLICATE_METHOD_MATCH = YES;
				CODE_SIGN_IDENTITY = "iPhone Developer";
				COPY_PHASE_STRIP = NO;
				DEBUG_INFORMATION_FORMAT = "dwarf-with-dsym";
				ENABLE_NS_ASSERTIONS = NO;
				ENABLE_STRICT_OBJC_MSGSEND = YES;
				GCC_C_LANGUAGE_STANDARD = gnu11;
				GCC_NO_COMMON_BLOCKS = YES;
				GCC_WARN_64_TO_32_BIT_CONVERSION = YES;
				GCC_WARN_ABOUT_RETURN_TYPE = YES_ERROR;
				GCC_WARN_UNDECLARED_SELECTOR = YES;
				GCC_WARN_UNINITIALIZED_AUTOS = YES_AGGRESSIVE;
				GCC_WARN_UNUSED_FUNCTION = YES;
				GCC_WARN_UNUSED_VARIABLE = YES;
				IPHONEOS_DEPLOYMENT_TARGET = 12.2;
				MTL_ENABLE_DEBUG_INFO = NO;
				MTL_FAST_MATH = YES;
				SDKROOT = iphoneos;
				SWIFT_COMPILATION_MODE = wholemodule;
				SWIFT_OPTIMIZATION_LEVEL = "-O";
				VALIDATE_PRODUCT = YES;
			};
			name = Release;
		};
		11ED67DD22FBD03C004C17D0 /* Debug */ = {
			isa = XCBuildConfiguration;
			baseConfigurationReference = FE75DB7FA1854D9E57BB1B7C /* Pods-HiveDemo.debug.xcconfig */;
			buildSettings = {
				ASSETCATALOG_COMPILER_APPICON_NAME = AppIcon;
				CODE_SIGN_STYLE = Automatic;
				DEVELOPMENT_TEAM = T4LVNDN76A;
				FRAMEWORK_SEARCH_PATHS = (
					"$(inherited)",
					"$(PROJECT_DIR)",
					"$(PROJECT_DIR)/HiveDemo",
				);
				INFOPLIST_FILE = HiveDemo/Info.plist;
				IPHONEOS_DEPLOYMENT_TARGET = 9.0;
				LD_RUNPATH_SEARCH_PATHS = (
					"$(inherited)",
					"@executable_path/Frameworks",
				);
				PRODUCT_BUNDLE_IDENTIFIER = elastos.HiveDemo;
				PRODUCT_NAME = "$(TARGET_NAME)";
				SWIFT_OBJC_BRIDGING_HEADER = "HiveDemo/HiveDemo-Bridging-Header.h";
				SWIFT_VERSION = 4.2;
				TARGETED_DEVICE_FAMILY = "1,2";
				USER_HEADER_SEARCH_PATHS = "";
				VALID_ARCHS = "x86_64 arm64";
			};
			name = Debug;
		};
		11ED67DE22FBD03C004C17D0 /* Release */ = {
			isa = XCBuildConfiguration;
			baseConfigurationReference = 63D4649130B451795919145C /* Pods-HiveDemo.release.xcconfig */;
			buildSettings = {
				ASSETCATALOG_COMPILER_APPICON_NAME = AppIcon;
				CODE_SIGN_STYLE = Automatic;
				DEVELOPMENT_TEAM = T4LVNDN76A;
				FRAMEWORK_SEARCH_PATHS = (
					"$(inherited)",
					"$(PROJECT_DIR)",
					"$(PROJECT_DIR)/HiveDemo",
				);
				INFOPLIST_FILE = HiveDemo/Info.plist;
				IPHONEOS_DEPLOYMENT_TARGET = 9.0;
				LD_RUNPATH_SEARCH_PATHS = (
					"$(inherited)",
					"@executable_path/Frameworks",
				);
				PRODUCT_BUNDLE_IDENTIFIER = elastos.HiveDemo;
				PRODUCT_NAME = "$(TARGET_NAME)";
				SWIFT_OBJC_BRIDGING_HEADER = "HiveDemo/HiveDemo-Bridging-Header.h";
				SWIFT_VERSION = 4.2;
				TARGETED_DEVICE_FAMILY = "1,2";
				USER_HEADER_SEARCH_PATHS = "";
				VALID_ARCHS = "x86_64 arm64";
			};
			name = Release;
		};
/* End XCBuildConfiguration section */

/* Begin XCConfigurationList section */
		11ED67C522FBD036004C17D0 /* Build configuration list for PBXProject "HiveDemo" */ = {
			isa = XCConfigurationList;
			buildConfigurations = (
				11ED67DA22FBD03C004C17D0 /* Debug */,
				11ED67DB22FBD03C004C17D0 /* Release */,
			);
			defaultConfigurationIsVisible = 0;
			defaultConfigurationName = Release;
		};
		11ED67DC22FBD03C004C17D0 /* Build configuration list for PBXNativeTarget "HiveDemo" */ = {
			isa = XCConfigurationList;
			buildConfigurations = (
				11ED67DD22FBD03C004C17D0 /* Debug */,
				11ED67DE22FBD03C004C17D0 /* Release */,
			);
			defaultConfigurationIsVisible = 0;
			defaultConfigurationName = Release;
		};
/* End XCConfigurationList section */
	};
	rootObject = 11ED67C222FBD036004C17D0 /* Project object */;
}
